
Microsoft Visual Studio Solution File, Format Version 12.00
# Visual Studio Version 16
VisualStudioVersion = 16.0.30907.101
MinimumVisualStudioVersion = 10.0.40219.1
Project("{FAE04EC0-301F-11D3-BF4B-00C04F79EFBC}") = "Win.Apps.CS.Labs1.Task2", "Win.Apps.CS.Labs1.Task2\Win.Apps.CS.Labs1.Task2.csproj", "{4C45168D-C59D-4A54-B615-33EE18FB0FD1}"
EndProject
Project("{2150E333-8FDC-42A3-9474-1A3956D46DE8}") = "Win.Apps.CS.Labs1", "Win.Apps.CS.Labs1", "{FCFCACC4-65F9-4D57-974A-F2D7DE293C54}"
EndProject
Project("{FAE04EC0-301F-11D3-BF4B-00C04F79EFBC}") = "Win.Apps.CS.Labs1.Task1", "Win.Apps.CS.Labs1\Win.Apps.CS.Labs1.Task1\Win.Apps.CS.Labs1.Task1.csproj", "{AC4E4805-A7A2-48B3-B790-CE6A574F0417}"
EndProject
Project("{FAE04EC0-301F-11D3-BF4B-00C04F79EFBC}") = "Win.Apps.CS.Labs1.MdiApplication", "Win.Apps.CS.Labs1\Win.Apps.CS.Labs1.Task4\Win.Apps.CS.Labs1.MdiApplication.csproj", "{3B86A35D-91C7-497C-B41A-B9850F4DBA43}"
EndProject
Project("{FAE04EC0-301F-11D3-BF4B-00C04F79EFBC}") = "Win.Apps.CS.Labs1.Task5_1", "Win.Apps.CS.Labs1\Win.Apps.CS.Labs1.Task5_1\Win.Apps.CS.Labs1.Task5_1.csproj", "{585A17E0-7D46-4F69-8DBB-333601F095DC}"
EndProject
Project("{FAE04EC0-301F-11D3-BF4B-00C04F79EFBC}") = "Win.Apps.CS.Labs1.Task5_2", "Win.Apps.CS.Labs1\Win.Apps.CS.Labs1.Task5_2\Win.Apps.CS.Labs1.Task5_2.csproj", "{924E3E9A-8013-4538-944C-85829FABC314}"
EndProject
Project("{2150E333-8FDC-42A3-9474-1A3956D46DE8}") = "Win.Apps.CS.Labs2", "Win.Apps.CS.Labs2", "{925F0578-DB09-4CCE-BFEF-9D48C0B33F9F}"
EndProject
Project("{FAE04EC0-301F-11D3-BF4B-00C04F79EFBC}") = "Win.Apps.CS.Labs2.Task1", "Win.Apps.CS.Labs2\Win.Apps.CS.Labs2.Task1\Win.Apps.CS.Labs2.Task1.csproj", "{737A785C-AAD1-4757-A500-E82F359E667B}"
EndProject
Project("{FAE04EC0-301F-11D3-BF4B-00C04F79EFBC}") = "Win.Apps.CS.Labs2.TestList", "Win.Apps.CS.Labs2\Win.Apps.CS.Labs2.TestList\Win.Apps.CS.Labs2.TestList.csproj", "{7FC22B92-15AB-464C-B71A-65696F766E85}"
EndProject
Project("{FAE04EC0-301F-11D3-BF4B-00C04F79EFBC}") = "Win.Apps.CS.Labs1.WinContainer", "Win.Apps.CS.Labs2\Win.Apps.CS.Labs1.WinContainer\Win.Apps.CS.Labs1.WinContainer.csproj", "{EE9EA7D5-ACC3-4942-A1EF-A279BB9CC950}"
EndProject
Project("{FAE04EC0-301F-11D3-BF4B-00C04F79EFBC}") = "Win.Apps.CS.Labs2.BiblWorm", "Win.Apps.CS.Labs2\Win.Apps.CS.Labs2.BiblWorm\Win.Apps.CS.Labs2.BiblWorm.csproj", "{65C6F4B6-7D42-43CC-881C-885268EE9D40}"
EndProject
Project("{FAE04EC0-301F-11D3-BF4B-00C04F79EFBC}") = "Win.Apps.CS.Labs2.RegistrationForm", "Win.Apps.CS.Labs2\Win.Apps.CS.Labs2.RegistrationForm\Win.Apps.CS.Labs2.RegistrationForm.csproj", "{4052AB29-F048-43DE-B063-47E7CE9E029E}"
EndProject
Project("{2150E333-8FDC-42A3-9474-1A3956D46DE8}") = "Win.Apps.CS.Labs4", "Win.Apps.CS.Labs4", "{E7B5C65E-3302-43B4-A161-072F50553224}"
EndProject
Project("{FAE04EC0-301F-11D3-BF4B-00C04F79EFBC}") = "Win.Apps.CS.Labs4.TestStandartDialog", "Win.Apps.CS.Labs4\Win.Apps.CS.Labs4.TestStandartDialog\Win.Apps.CS.Labs4.TestStandartDialog.csproj", "{780D7B41-57F3-4055-A926-9505A1B5697E}"
EndProject
Project("{FAE04EC0-301F-11D3-BF4B-00C04F79EFBC}") = "Win.Apps.CS.Labs4.EditPerson", "Win.Apps.CS.Labs4\Win.Apps.CS.Labs4.EditPerson\Win.Apps.CS.Labs4.EditPerson.csproj", "{019677D9-7835-4BC3-AF59-B61B8C4AF31C}"
EndProject
Project("{FAE04EC0-301F-11D3-BF4B-00C04F79EFBC}") = "Win.Apps.CS.Labs4.Task4", "Win.Apps.CS.Labs4\Win.Apps.CS.Labs4.Task4\Win.Apps.CS.Labs4.Task4.csproj", "{56AD28F4-FC0A-4397-82E3-AC4C5F73DD2E}"
EndProject
Project("{2150E333-8FDC-42A3-9474-1A3956D46DE8}") = "Win.Apps.CS.Labs3", "Win.Apps.CS.Labs3", "{C1C4CD3F-41F9-4579-A00A-C9CE9325E943}"
EndProject
Project("{FAE04EC0-301F-11D3-BF4B-00C04F79EFBC}") = "Win.Apps.CS.Labs3.WinTimer1", "Win.Apps.CS.Labs3\Win.Apps.CS.Labs3.WinTimer1\Win.Apps.CS.Labs3.WinTimer1.csproj", "{5EAC987A-56B1-4964-8241-FBF170C37FBF}"
EndProject
Project("{FAE04EC0-301F-11D3-BF4B-00C04F79EFBC}") = "Win.Apps.CS.Labs3.WinTimer1_Library", "Win.Apps.CS.Labs3\Win.Apps.CS.Labs3.WinTimer1_Library\Win.Apps.CS.Labs3.WinTimer1_Library.csproj", "{26176499-C063-43A8-98A1-19B711DD1F23}"
EndProject
Project("{FAE04EC0-301F-11D3-BF4B-00C04F79EFBC}") = "Win.Apps.CS.Labs3.WinTimer2", "Win.Apps.CS.Labs3\Win.Apps.CS.Labs3.WinTimer2\Win.Apps.CS.Labs3.WinTimer2.csproj", "{3872856E-9F0E-4E84-B70D-358F448D184F}"
EndProject
Project("{FAE04EC0-301F-11D3-BF4B-00C04F79EFBC}") = "Win.Apps.CS.Labs3.WinButNum", "Win.Apps.CS.Labs3\Win.Apps.CS.Labs3.WinButNum\Win.Apps.CS.Labs3.WinButNum.csproj", "{7C30D031-CD6D-4F31-BD6C-BD694C003BC7}"
EndProject
Project("{2150E333-8FDC-42A3-9474-1A3956D46DE8}") = "Win.AppsWPF.CS.Labs1", "Win.AppsWPF.CS.Labs1", "{734EB1A1-90A1-4E10-BB7C-5E7511DA65A0}"
EndProject
Project("{FAE04EC0-301F-11D3-BF4B-00C04F79EFBC}") = "WpfHello", "Win.AppsWPF.CS.Labs1\WpfHello\WpfHello.csproj", "{C6B45E78-C731-480F-8DC7-9E9DAAE0F527}"
EndProject
Project("{FAE04EC0-301F-11D3-BF4B-00C04F79EFBC}") = "WpfHelloNav", "Win.AppsWPF.CS.Labs1\WpfHelloNav\WpfHelloNav.csproj", "{491D77DA-3FE0-444E-9B7F-F041DAAD7A92}"
EndProject
Project("{FAE04EC0-301F-11D3-BF4B-00C04F79EFBC}") = "Win.Apps.CS.Labs3.Task4", "Win.Apps.CS.Labs3\Win.Apps.CS.Labs3.Task4\Win.Apps.CS.Labs3.Task4.csproj", "{8C034230-0150-4F36-9BD4-310AB81F72B4}"
EndProject
Project("{2150E333-8FDC-42A3-9474-1A3956D46DE8}") = "Win.AppsWPF.CS.Labs2", "Win.AppsWPF.CS.Labs2", "{3C6AACF9-7D4B-4013-99D7-983CA67271FA}"
EndProject
Project("{FAE04EC0-301F-11D3-BF4B-00C04F79EFBC}") = "WpfRoutedEvent_2_1", "Win.AppsWPF.CS.Labs2\WpfRoutedEvent_2_1\WpfRoutedEvent_2_1.csproj", "{7204C7F7-AF85-45A6-AE9B-478E418F73A2}"
EndProject
Project("{FAE04EC0-301F-11D3-BF4B-00C04F79EFBC}") = "WpfRoutedEvent_2_2", "Win.AppsWPF.CS.Labs2\WpfRoutedEvent_2_2\WpfRoutedEvent_2_2.csproj", "{CBCEF7AA-E628-4F76-A0D6-BC49BEE8BC08}"
EndProject
Project("{2150E333-8FDC-42A3-9474-1A3956D46DE8}") = "Win.AppsWPF.CS.Labs3", "Win.AppsWPF.CS.Labs3", "{67E320B8-9BEA-451A-AB70-F8819677A185}"
EndProject
Project("{FAE04EC0-301F-11D3-BF4B-00C04F79EFBC}") = "NCommand", "Win.AppsWPF.CS.Labs3\NCommand\NCommand.csproj", "{120CE7D0-D6A8-490A-9516-D629808F0941}"
EndProject
Project("{2150E333-8FDC-42A3-9474-1A3956D46DE8}") = "Win.AppsWPF.CS.Labs4", "Win.AppsWPF.CS.Labs4", "{6780E02F-EE2B-4128-AADE-96F3B441A2AF}"
EndProject
Project("{FAE04EC0-301F-11D3-BF4B-00C04F79EFBC}") = "UserIn1", "Win.AppsWPF.CS.Labs4\UserIn1\UserIn1.csproj", "{E2E05FEB-02F7-4A7F-90C8-E2023543A0B0}"
EndProject
Project("{FAE04EC0-301F-11D3-BF4B-00C04F79EFBC}") = "UserIn2", "Win.AppsWPF.CS.Labs4\UserIn2\UserIn2.csproj", "{D9009391-C3A0-4A4A-82A7-5BAB8E109991}"
EndProject
Project("{FAE04EC0-301F-11D3-BF4B-00C04F79EFBC}") = "UserIn3", "Win.AppsWPF.CS.Labs4\UserIn3\UserIn3.csproj", "{D31B4BBF-CCB6-4F25-B7B0-A5958D66B36E}"
EndProject
Project("{2150E333-8FDC-42A3-9474-1A3956D46DE8}") = "Win.AppsWPF.CS.Labs6", "Win.AppsWPF.CS.Labs6", "{35775D38-823B-4DB6-8ABC-1D929AE1B60F}"
EndProject
Project("{FAE04EC0-301F-11D3-BF4B-00C04F79EFBC}") = "UserForms", "Win.AppsWPF.CS.Labs6\UserForms\UserForms.csproj", "{E012E7E0-56AF-41E9-89D3-FFC1C8B76F76}"
EndProject
Project("{FAE04EC0-301F-11D3-BF4B-00C04F79EFBC}") = "WpfUserControl", "Win.AppsWPF.CS.Labs6\WpfUserControl\WpfUserControl.csproj", "{4E42E6B9-C935-4F34-B682-9ED500C2B771}"
EndProject
Global
	GlobalSection(SolutionConfigurationPlatforms) = preSolution
		Debug|Any CPU = Debug|Any CPU
		Release|Any CPU = Release|Any CPU
	EndGlobalSection
	GlobalSection(ProjectConfigurationPlatforms) = postSolution
		{4C45168D-C59D-4A54-B615-33EE18FB0FD1}.Debug|Any CPU.ActiveCfg = Debug|Any CPU
		{4C45168D-C59D-4A54-B615-33EE18FB0FD1}.Debug|Any CPU.Build.0 = Debug|Any CPU
		{4C45168D-C59D-4A54-B615-33EE18FB0FD1}.Release|Any CPU.ActiveCfg = Release|Any CPU
		{4C45168D-C59D-4A54-B615-33EE18FB0FD1}.Release|Any CPU.Build.0 = Release|Any CPU
		{AC4E4805-A7A2-48B3-B790-CE6A574F0417}.Debug|Any CPU.ActiveCfg = Debug|Any CPU
		{AC4E4805-A7A2-48B3-B790-CE6A574F0417}.Debug|Any CPU.Build.0 = Debug|Any CPU
		{AC4E4805-A7A2-48B3-B790-CE6A574F0417}.Release|Any CPU.ActiveCfg = Release|Any CPU
		{AC4E4805-A7A2-48B3-B790-CE6A574F0417}.Release|Any CPU.Build.0 = Release|Any CPU
		{3B86A35D-91C7-497C-B41A-B9850F4DBA43}.Debug|Any CPU.ActiveCfg = Debug|Any CPU
		{3B86A35D-91C7-497C-B41A-B9850F4DBA43}.Debug|Any CPU.Build.0 = Debug|Any CPU
		{3B86A35D-91C7-497C-B41A-B9850F4DBA43}.Release|Any CPU.ActiveCfg = Release|Any CPU
		{3B86A35D-91C7-497C-B41A-B9850F4DBA43}.Release|Any CPU.Build.0 = Release|Any CPU
		{585A17E0-7D46-4F69-8DBB-333601F095DC}.Debug|Any CPU.ActiveCfg = Debug|Any CPU
		{585A17E0-7D46-4F69-8DBB-333601F095DC}.Debug|Any CPU.Build.0 = Debug|Any CPU
		{585A17E0-7D46-4F69-8DBB-333601F095DC}.Release|Any CPU.ActiveCfg = Release|Any CPU
		{585A17E0-7D46-4F69-8DBB-333601F095DC}.Release|Any CPU.Build.0 = Release|Any CPU
		{924E3E9A-8013-4538-944C-85829FABC314}.Debug|Any CPU.ActiveCfg = Debug|Any CPU
		{924E3E9A-8013-4538-944C-85829FABC314}.Debug|Any CPU.Build.0 = Debug|Any CPU
		{924E3E9A-8013-4538-944C-85829FABC314}.Release|Any CPU.ActiveCfg = Release|Any CPU
		{924E3E9A-8013-4538-944C-85829FABC314}.Release|Any CPU.Build.0 = Release|Any CPU
		{737A785C-AAD1-4757-A500-E82F359E667B}.Debug|Any CPU.ActiveCfg = Debug|Any CPU
		{737A785C-AAD1-4757-A500-E82F359E667B}.Debug|Any CPU.Build.0 = Debug|Any CPU
		{737A785C-AAD1-4757-A500-E82F359E667B}.Release|Any CPU.ActiveCfg = Release|Any CPU
		{737A785C-AAD1-4757-A500-E82F359E667B}.Release|Any CPU.Build.0 = Release|Any CPU
		{7FC22B92-15AB-464C-B71A-65696F766E85}.Debug|Any CPU.ActiveCfg = Debug|Any CPU
		{7FC22B92-15AB-464C-B71A-65696F766E85}.Debug|Any CPU.Build.0 = Debug|Any CPU
		{7FC22B92-15AB-464C-B71A-65696F766E85}.Release|Any CPU.ActiveCfg = Release|Any CPU
		{7FC22B92-15AB-464C-B71A-65696F766E85}.Release|Any CPU.Build.0 = Release|Any CPU
		{EE9EA7D5-ACC3-4942-A1EF-A279BB9CC950}.Debug|Any CPU.ActiveCfg = Debug|Any CPU
		{EE9EA7D5-ACC3-4942-A1EF-A279BB9CC950}.Debug|Any CPU.Build.0 = Debug|Any CPU
		{EE9EA7D5-ACC3-4942-A1EF-A279BB9CC950}.Release|Any CPU.ActiveCfg = Release|Any CPU
		{EE9EA7D5-ACC3-4942-A1EF-A279BB9CC950}.Release|Any CPU.Build.0 = Release|Any CPU
		{65C6F4B6-7D42-43CC-881C-885268EE9D40}.Debug|Any CPU.ActiveCfg = Debug|Any CPU
		{65C6F4B6-7D42-43CC-881C-885268EE9D40}.Debug|Any CPU.Build.0 = Debug|Any CPU
		{65C6F4B6-7D42-43CC-881C-885268EE9D40}.Release|Any CPU.ActiveCfg = Release|Any CPU
		{65C6F4B6-7D42-43CC-881C-885268EE9D40}.Release|Any CPU.Build.0 = Release|Any CPU
		{4052AB29-F048-43DE-B063-47E7CE9E029E}.Debug|Any CPU.ActiveCfg = Debug|Any CPU
		{4052AB29-F048-43DE-B063-47E7CE9E029E}.Debug|Any CPU.Build.0 = Debug|Any CPU
		{4052AB29-F048-43DE-B063-47E7CE9E029E}.Release|Any CPU.ActiveCfg = Release|Any CPU
		{4052AB29-F048-43DE-B063-47E7CE9E029E}.Release|Any CPU.Build.0 = Release|Any CPU
		{780D7B41-57F3-4055-A926-9505A1B5697E}.Debug|Any CPU.ActiveCfg = Debug|Any CPU
		{780D7B41-57F3-4055-A926-9505A1B5697E}.Debug|Any CPU.Build.0 = Debug|Any CPU
		{780D7B41-57F3-4055-A926-9505A1B5697E}.Release|Any CPU.ActiveCfg = Release|Any CPU
		{780D7B41-57F3-4055-A926-9505A1B5697E}.Release|Any CPU.Build.0 = Release|Any CPU
		{019677D9-7835-4BC3-AF59-B61B8C4AF31C}.Debug|Any CPU.ActiveCfg = Debug|Any CPU
		{019677D9-7835-4BC3-AF59-B61B8C4AF31C}.Debug|Any CPU.Build.0 = Debug|Any CPU
		{019677D9-7835-4BC3-AF59-B61B8C4AF31C}.Release|Any CPU.ActiveCfg = Release|Any CPU
		{019677D9-7835-4BC3-AF59-B61B8C4AF31C}.Release|Any CPU.Build.0 = Release|Any CPU
		{56AD28F4-FC0A-4397-82E3-AC4C5F73DD2E}.Debug|Any CPU.ActiveCfg = Debug|Any CPU
		{56AD28F4-FC0A-4397-82E3-AC4C5F73DD2E}.Debug|Any CPU.Build.0 = Debug|Any CPU
		{56AD28F4-FC0A-4397-82E3-AC4C5F73DD2E}.Release|Any CPU.ActiveCfg = Release|Any CPU
		{56AD28F4-FC0A-4397-82E3-AC4C5F73DD2E}.Release|Any CPU.Build.0 = Release|Any CPU
		{5EAC987A-56B1-4964-8241-FBF170C37FBF}.Debug|Any CPU.ActiveCfg = Debug|Any CPU
		{5EAC987A-56B1-4964-8241-FBF170C37FBF}.Debug|Any CPU.Build.0 = Debug|Any CPU
		{5EAC987A-56B1-4964-8241-FBF170C37FBF}.Release|Any CPU.ActiveCfg = Release|Any CPU
		{5EAC987A-56B1-4964-8241-FBF170C37FBF}.Release|Any CPU.Build.0 = Release|Any CPU
		{26176499-C063-43A8-98A1-19B711DD1F23}.Debug|Any CPU.ActiveCfg = Debug|Any CPU
		{26176499-C063-43A8-98A1-19B711DD1F23}.Debug|Any CPU.Build.0 = Debug|Any CPU
		{26176499-C063-43A8-98A1-19B711DD1F23}.Release|Any CPU.ActiveCfg = Release|Any CPU
		{26176499-C063-43A8-98A1-19B711DD1F23}.Release|Any CPU.Build.0 = Release|Any CPU
		{3872856E-9F0E-4E84-B70D-358F448D184F}.Debug|Any CPU.ActiveCfg = Debug|Any CPU
		{3872856E-9F0E-4E84-B70D-358F448D184F}.Debug|Any CPU.Build.0 = Debug|Any CPU
		{3872856E-9F0E-4E84-B70D-358F448D184F}.Release|Any CPU.ActiveCfg = Release|Any CPU
		{3872856E-9F0E-4E84-B70D-358F448D184F}.Release|Any CPU.Build.0 = Release|Any CPU
		{7C30D031-CD6D-4F31-BD6C-BD694C003BC7}.Debug|Any CPU.ActiveCfg = Debug|Any CPU
		{7C30D031-CD6D-4F31-BD6C-BD694C003BC7}.Debug|Any CPU.Build.0 = Debug|Any CPU
		{7C30D031-CD6D-4F31-BD6C-BD694C003BC7}.Release|Any CPU.ActiveCfg = Release|Any CPU
		{7C30D031-CD6D-4F31-BD6C-BD694C003BC7}.Release|Any CPU.Build.0 = Release|Any CPU
		{C6B45E78-C731-480F-8DC7-9E9DAAE0F527}.Debug|Any CPU.ActiveCfg = Debug|Any CPU
		{C6B45E78-C731-480F-8DC7-9E9DAAE0F527}.Debug|Any CPU.Build.0 = Debug|Any CPU
		{C6B45E78-C731-480F-8DC7-9E9DAAE0F527}.Release|Any CPU.ActiveCfg = Release|Any CPU
		{C6B45E78-C731-480F-8DC7-9E9DAAE0F527}.Release|Any CPU.Build.0 = Release|Any CPU
		{491D77DA-3FE0-444E-9B7F-F041DAAD7A92}.Debug|Any CPU.ActiveCfg = Debug|Any CPU
		{491D77DA-3FE0-444E-9B7F-F041DAAD7A92}.Debug|Any CPU.Build.0 = Debug|Any CPU
		{491D77DA-3FE0-444E-9B7F-F041DAAD7A92}.Release|Any CPU.ActiveCfg = Release|Any CPU
		{491D77DA-3FE0-444E-9B7F-F041DAAD7A92}.Release|Any CPU.Build.0 = Release|Any CPU
		{8C034230-0150-4F36-9BD4-310AB81F72B4}.Debug|Any CPU.ActiveCfg = Debug|Any CPU
		{8C034230-0150-4F36-9BD4-310AB81F72B4}.Debug|Any CPU.Build.0 = Debug|Any CPU
		{8C034230-0150-4F36-9BD4-310AB81F72B4}.Release|Any CPU.ActiveCfg = Release|Any CPU
		{8C034230-0150-4F36-9BD4-310AB81F72B4}.Release|Any CPU.Build.0 = Release|Any CPU
		{7204C7F7-AF85-45A6-AE9B-478E418F73A2}.Debug|Any CPU.ActiveCfg = Debug|Any CPU
		{7204C7F7-AF85-45A6-AE9B-478E418F73A2}.Debug|Any CPU.Build.0 = Debug|Any CPU
		{7204C7F7-AF85-45A6-AE9B-478E418F73A2}.Release|Any CPU.ActiveCfg = Release|Any CPU
		{7204C7F7-AF85-45A6-AE9B-478E418F73A2}.Release|Any CPU.Build.0 = Release|Any CPU
		{CBCEF7AA-E628-4F76-A0D6-BC49BEE8BC08}.Debug|Any CPU.ActiveCfg = Debug|Any CPU
		{CBCEF7AA-E628-4F76-A0D6-BC49BEE8BC08}.Debug|Any CPU.Build.0 = Debug|Any CPU
		{CBCEF7AA-E628-4F76-A0D6-BC49BEE8BC08}.Release|Any CPU.ActiveCfg = Release|Any CPU
		{CBCEF7AA-E628-4F76-A0D6-BC49BEE8BC08}.Release|Any CPU.Build.0 = Release|Any CPU
		{120CE7D0-D6A8-490A-9516-D629808F0941}.Debug|Any CPU.ActiveCfg = Debug|Any CPU
		{120CE7D0-D6A8-490A-9516-D629808F0941}.Debug|Any CPU.Build.0 = Debug|Any CPU
		{120CE7D0-D6A8-490A-9516-D629808F0941}.Release|Any CPU.ActiveCfg = Release|Any CPU
		{120CE7D0-D6A8-490A-9516-D629808F0941}.Release|Any CPU.Build.0 = Release|Any CPU
		{E2E05FEB-02F7-4A7F-90C8-E2023543A0B0}.Debug|Any CPU.ActiveCfg = Debug|Any CPU
		{E2E05FEB-02F7-4A7F-90C8-E2023543A0B0}.Debug|Any CPU.Build.0 = Debug|Any CPU
		{E2E05FEB-02F7-4A7F-90C8-E2023543A0B0}.Release|Any CPU.ActiveCfg = Release|Any CPU
		{E2E05FEB-02F7-4A7F-90C8-E2023543A0B0}.Release|Any CPU.Build.0 = Release|Any CPU
		{D9009391-C3A0-4A4A-82A7-5BAB8E109991}.Debug|Any CPU.ActiveCfg = Debug|Any CPU
		{D9009391-C3A0-4A4A-82A7-5BAB8E109991}.Debug|Any CPU.Build.0 = Debug|Any CPU
		{D9009391-C3A0-4A4A-82A7-5BAB8E109991}.Release|Any CPU.ActiveCfg = Release|Any CPU
		{D9009391-C3A0-4A4A-82A7-5BAB8E109991}.Release|Any CPU.Build.0 = Release|Any CPU
		{D31B4BBF-CCB6-4F25-B7B0-A5958D66B36E}.Debug|Any CPU.ActiveCfg = Debug|Any CPU
		{D31B4BBF-CCB6-4F25-B7B0-A5958D66B36E}.Debug|Any CPU.Build.0 = Debug|Any CPU
		{D31B4BBF-CCB6-4F25-B7B0-A5958D66B36E}.Release|Any CPU.ActiveCfg = Release|Any CPU
		{D31B4BBF-CCB6-4F25-B7B0-A5958D66B36E}.Release|Any CPU.Build.0 = Release|Any CPU
		{E012E7E0-56AF-41E9-89D3-FFC1C8B76F76}.Debug|Any CPU.ActiveCfg = Debug|Any CPU
		{E012E7E0-56AF-41E9-89D3-FFC1C8B76F76}.Debug|Any CPU.Build.0 = Debug|Any CPU
		{E012E7E0-56AF-41E9-89D3-FFC1C8B76F76}.Release|Any CPU.ActiveCfg = Release|Any CPU
		{E012E7E0-56AF-41E9-89D3-FFC1C8B76F76}.Release|Any CPU.Build.0 = Release|Any CPU
		{4E42E6B9-C935-4F34-B682-9ED500C2B771}.Debug|Any CPU.ActiveCfg = Debug|Any CPU
		{4E42E6B9-C935-4F34-B682-9ED500C2B771}.Debug|Any CPU.Build.0 = Debug|Any CPU
		{4E42E6B9-C935-4F34-B682-9ED500C2B771}.Release|Any CPU.ActiveCfg = Release|Any CPU
		{4E42E6B9-C935-4F34-B682-9ED500C2B771}.Release|Any CPU.Build.0 = Release|Any CPU
	EndGlobalSection
	GlobalSection(SolutionProperties) = preSolution
		HideSolutionNode = FALSE
	EndGlobalSection
	GlobalSection(NestedProjects) = preSolution
		{AC4E4805-A7A2-48B3-B790-CE6A574F0417} = {FCFCACC4-65F9-4D57-974A-F2D7DE293C54}
		{3B86A35D-91C7-497C-B41A-B9850F4DBA43} = {FCFCACC4-65F9-4D57-974A-F2D7DE293C54}
		{585A17E0-7D46-4F69-8DBB-333601F095DC} = {FCFCACC4-65F9-4D57-974A-F2D7DE293C54}
		{924E3E9A-8013-4538-944C-85829FABC314} = {FCFCACC4-65F9-4D57-974A-F2D7DE293C54}
		{737A785C-AAD1-4757-A500-E82F359E667B} = {925F0578-DB09-4CCE-BFEF-9D48C0B33F9F}
		{7FC22B92-15AB-464C-B71A-65696F766E85} = {925F0578-DB09-4CCE-BFEF-9D48C0B33F9F}
		{EE9EA7D5-ACC3-4942-A1EF-A279BB9CC950} = {925F0578-DB09-4CCE-BFEF-9D48C0B33F9F}
		{65C6F4B6-7D42-43CC-881C-885268EE9D40} = {925F0578-DB09-4CCE-BFEF-9D48C0B33F9F}
		{4052AB29-F048-43DE-B063-47E7CE9E029E} = {925F0578-DB09-4CCE-BFEF-9D48C0B33F9F}
		{780D7B41-57F3-4055-A926-9505A1B5697E} = {E7B5C65E-3302-43B4-A161-072F50553224}
		{019677D9-7835-4BC3-AF59-B61B8C4AF31C} = {E7B5C65E-3302-43B4-A161-072F50553224}
		{56AD28F4-FC0A-4397-82E3-AC4C5F73DD2E} = {E7B5C65E-3302-43B4-A161-072F50553224}
		{5EAC987A-56B1-4964-8241-FBF170C37FBF} = {C1C4CD3F-41F9-4579-A00A-C9CE9325E943}
		{26176499-C063-43A8-98A1-19B711DD1F23} = {C1C4CD3F-41F9-4579-A00A-C9CE9325E943}
		{3872856E-9F0E-4E84-B70D-358F448D184F} = {C1C4CD3F-41F9-4579-A00A-C9CE9325E943}
		{7C30D031-CD6D-4F31-BD6C-BD694C003BC7} = {C1C4CD3F-41F9-4579-A00A-C9CE9325E943}
		{C6B45E78-C731-480F-8DC7-9E9DAAE0F527} = {734EB1A1-90A1-4E10-BB7C-5E7511DA65A0}
		{491D77DA-3FE0-444E-9B7F-F041DAAD7A92} = {734EB1A1-90A1-4E10-BB7C-5E7511DA65A0}
		{8C034230-0150-4F36-9BD4-310AB81F72B4} = {C1C4CD3F-41F9-4579-A00A-C9CE9325E943}
		{7204C7F7-AF85-45A6-AE9B-478E418F73A2} = {3C6AACF9-7D4B-4013-99D7-983CA67271FA}
		{CBCEF7AA-E628-4F76-A0D6-BC49BEE8BC08} = {3C6AACF9-7D4B-4013-99D7-983CA67271FA}
		{120CE7D0-D6A8-490A-9516-D629808F0941} = {67E320B8-9BEA-451A-AB70-F8819677A185}
		{E2E05FEB-02F7-4A7F-90C8-E2023543A0B0} = {6780E02F-EE2B-4128-AADE-96F3B441A2AF}
		{D9009391-C3A0-4A4A-82A7-5BAB8E109991} = {6780E02F-EE2B-4128-AADE-96F3B441A2AF}
		{D31B4BBF-CCB6-4F25-B7B0-A5958D66B36E} = {6780E02F-EE2B-4128-AADE-96F3B441A2AF}
		{E012E7E0-56AF-41E9-89D3-FFC1C8B76F76} = {35775D38-823B-4DB6-8ABC-1D929AE1B60F}
		{4E42E6B9-C935-4F34-B682-9ED500C2B771} = {35775D38-823B-4DB6-8ABC-1D929AE1B60F}
	EndGlobalSection
	GlobalSection(ExtensibilityGlobals) = postSolution
		SolutionGuid = {8F78B89A-B79E-438F-AA18-AB5BFC95081A}
	EndGlobalSection
EndGlobal
